
Microsoft Visual Studio Solution File, Format Version 12.00
# Visual Studio Version 17
VisualStudioVersion = 17.2.32505.173
MinimumVisualStudioVersion = 10.0.40219.1
Project("{FAE04EC0-301F-11D3-BF4B-00C04F79EFBC}") = "EduconnectAutomation", "EduconnectAutomation\EduconnectAutomation.csproj", "{AAC9B603-1797-47E7-931B-89F53D1CCBB7}"
EndProject
Project("{FAE04EC0-301F-11D3-BF4B-00C04F79EFBC}") = "SeleniumSetups", "SeleniumSetups\SeleniumSetups.csproj", "{161595BA-22CC-4B7B-B339-41EB564F8299}"
EndProject
Global
	GlobalSection(SolutionConfigurationPlatforms) = preSolution
		Debug|Any CPU = Debug|Any CPU
		Release|Any CPU = Release|Any CPU
	EndGlobalSection
	GlobalSection(ProjectConfigurationPlatforms) = postSolution
		{AAC9B603-1797-47E7-931B-89F53D1CCBB7}.Debug|Any CPU.ActiveCfg = Debug|Any CPU
		{AAC9B603-1797-47E7-931B-89F53D1CCBB7}.Debug|Any CPU.Build.0 = Debug|Any CPU
		{AAC9B603-1797-47E7-931B-89F53D1CCBB7}.Release|Any CPU.ActiveCfg = Release|Any CPU
		{AAC9B603-1797-47E7-931B-89F53D1CCBB7}.Release|Any CPU.Build.0 = Release|Any CPU
		{161595BA-22CC-4B7B-B339-41EB564F8299}.Debug|Any CPU.ActiveCfg = Debug|Any CPU
		{161595BA-22CC-4B7B-B339-41EB564F8299}.Debug|Any CPU.Build.0 = Debug|Any CPU
		{161595BA-22CC-4B7B-B339-41EB564F8299}.Release|Any CPU.ActiveCfg = Release|Any CPU
		{161595BA-22CC-4B7B-B339-41EB564F8299}.Release|Any CPU.Build.0 = Release|Any CPU
	EndGlobalSection
	GlobalSection(SolutionProperties) = preSolution
		HideSolutionNode = FALSE
	EndGlobalSection
	GlobalSection(ExtensibilityGlobals) = postSolution
		SolutionGuid = {5970C819-3756-4E15-8770-C3F58FD3DAA3}
	EndGlobalSection
EndGlobal
